
Microsoft Visual Studio Solution File, Format Version 12.00
# Visual Studio Version 17
VisualStudioVersion = 17.5.33516.290
MinimumVisualStudioVersion = 10.0.40219.1
Project("{9A19103F-16F7-4668-BE54-9A1E7A4F7556}") = "LIN.Developer", "LIN.Developer\LIN.Developer.csproj", "{71DADCA5-4F3E-4B0C-9E88-786F966FD4EF}"
EndProject
Project("{9A19103F-16F7-4668-BE54-9A1E7A4F7556}") = "LIN.Types.Developer", "..\..\Tipos\LIN.Types.Developer\LIN.Types.Developer.csproj", "{D9BC869F-EAB7-4EB2-8F89-6CA2F7078489}"
EndProject
Project("{9A19103F-16F7-4668-BE54-9A1E7A4F7556}") = "LIN.Shared", "..\..\Tipos\LIN.Shared\LIN.Shared.csproj", "{938D02E5-8649-46D0-BC99-FDE6F53F0722}"
EndProject
Project("{9A19103F-16F7-4668-BE54-9A1E7A4F7556}") = "Http", "..\..\Tipos\Http\Http.csproj", "{A7928109-1887-4C0B-A139-411A5B850A6D}"
EndProject
Project("{9A19103F-16F7-4668-BE54-9A1E7A4F7556}") = "LIN.Types", "..\..\Tipos\LIN.Types\LIN.Types.csproj", "{53CD4F2B-B4DF-49EA-B3CE-801821B703BF}"
EndProject
Project("{9A19103F-16F7-4668-BE54-9A1E7A4F7556}") = "LIN.Modules", "..\..\Tipos\LIN.Modules\LIN.Modules.csproj", "{B15E23EB-369E-4988-9E65-DA2D93EE744A}"
EndProject
Global
	GlobalSection(SolutionConfigurationPlatforms) = preSolution
		AZURE|Any CPU = AZURE|Any CPU
		AZURE|x86 = AZURE|x86
		Debug|Any CPU = Debug|Any CPU
		Debug|x86 = Debug|x86
		Release|Any CPU = Release|Any CPU
		Release|x86 = Release|x86
		SOMEE|Any CPU = SOMEE|Any CPU
		SOMEE|x86 = SOMEE|x86
	EndGlobalSection
	GlobalSection(ProjectConfigurationPlatforms) = postSolution
		{71DADCA5-4F3E-4B0C-9E88-786F966FD4EF}.AZURE|Any CPU.ActiveCfg = AZURE|Any CPU
		{71DADCA5-4F3E-4B0C-9E88-786F966FD4EF}.AZURE|Any CPU.Build.0 = AZURE|Any CPU
		{71DADCA5-4F3E-4B0C-9E88-786F966FD4EF}.AZURE|x86.ActiveCfg = AZURE|x86
		{71DADCA5-4F3E-4B0C-9E88-786F966FD4EF}.AZURE|x86.Build.0 = AZURE|x86
		{71DADCA5-4F3E-4B0C-9E88-786F966FD4EF}.Debug|Any CPU.ActiveCfg = Debug|Any CPU
		{71DADCA5-4F3E-4B0C-9E88-786F966FD4EF}.Debug|Any CPU.Build.0 = Debug|Any CPU
		{71DADCA5-4F3E-4B0C-9E88-786F966FD4EF}.Debug|x86.ActiveCfg = Debug|x86
		{71DADCA5-4F3E-4B0C-9E88-786F966FD4EF}.Debug|x86.Build.0 = Debug|x86
		{71DADCA5-4F3E-4B0C-9E88-786F966FD4EF}.Release|Any CPU.ActiveCfg = Release|Any CPU
		{71DADCA5-4F3E-4B0C-9E88-786F966FD4EF}.Release|Any CPU.Build.0 = Release|Any CPU
		{71DADCA5-4F3E-4B0C-9E88-786F966FD4EF}.Release|x86.ActiveCfg = Release|x86
		{71DADCA5-4F3E-4B0C-9E88-786F966FD4EF}.Release|x86.Build.0 = Release|x86
		{71DADCA5-4F3E-4B0C-9E88-786F966FD4EF}.SOMEE|Any CPU.ActiveCfg = SOMEE|Any CPU
		{71DADCA5-4F3E-4B0C-9E88-786F966FD4EF}.SOMEE|Any CPU.Build.0 = SOMEE|Any CPU
		{71DADCA5-4F3E-4B0C-9E88-786F966FD4EF}.SOMEE|x86.ActiveCfg = SOMEE|x86
		{71DADCA5-4F3E-4B0C-9E88-786F966FD4EF}.SOMEE|x86.Build.0 = SOMEE|x86
		{D9BC869F-EAB7-4EB2-8F89-6CA2F7078489}.AZURE|Any CPU.ActiveCfg = Release|Any CPU
		{D9BC869F-EAB7-4EB2-8F89-6CA2F7078489}.AZURE|Any CPU.Build.0 = Release|Any CPU
		{D9BC869F-EAB7-4EB2-8F89-6CA2F7078489}.AZURE|x86.ActiveCfg = Debug|x86
		{D9BC869F-EAB7-4EB2-8F89-6CA2F7078489}.AZURE|x86.Build.0 = Debug|x86
		{D9BC869F-EAB7-4EB2-8F89-6CA2F7078489}.Debug|Any CPU.ActiveCfg = Debug|Any CPU
		{D9BC869F-EAB7-4EB2-8F89-6CA2F7078489}.Debug|Any CPU.Build.0 = Debug|Any CPU
		{D9BC869F-EAB7-4EB2-8F89-6CA2F7078489}.Debug|x86.ActiveCfg = Debug|x86
		{D9BC869F-EAB7-4EB2-8F89-6CA2F7078489}.Debug|x86.Build.0 = Debug|x86
		{D9BC869F-EAB7-4EB2-8F89-6CA2F7078489}.Release|Any CPU.ActiveCfg = Release|Any CPU
		{D9BC869F-EAB7-4EB2-8F89-6CA2F7078489}.Release|Any CPU.Build.0 = Release|Any CPU
		{D9BC869F-EAB7-4EB2-8F89-6CA2F7078489}.Release|x86.ActiveCfg = Release|x86
		{D9BC869F-EAB7-4EB2-8F89-6CA2F7078489}.Release|x86.Build.0 = Release|x86
		{D9BC869F-EAB7-4EB2-8F89-6CA2F7078489}.SOMEE|Any CPU.ActiveCfg = Release|Any CPU
		{D9BC869F-EAB7-4EB2-8F89-6CA2F7078489}.SOMEE|Any CPU.Build.0 = Release|Any CPU
		{D9BC869F-EAB7-4EB2-8F89-6CA2F7078489}.SOMEE|x86.ActiveCfg = Debug|x86
		{D9BC869F-EAB7-4EB2-8F89-6CA2F7078489}.SOMEE|x86.Build.0 = Debug|x86
		{938D02E5-8649-46D0-BC99-FDE6F53F0722}.AZURE|Any CPU.ActiveCfg = Debug|Any CPU
		{938D02E5-8649-46D0-BC99-FDE6F53F0722}.AZURE|Any CPU.Build.0 = Debug|Any CPU
		{938D02E5-8649-46D0-BC99-FDE6F53F0722}.AZURE|x86.ActiveCfg = Debug|x86
		{938D02E5-8649-46D0-BC99-FDE6F53F0722}.AZURE|x86.Build.0 = Debug|x86
		{938D02E5-8649-46D0-BC99-FDE6F53F0722}.Debug|Any CPU.ActiveCfg = Debug|Any CPU
		{938D02E5-8649-46D0-BC99-FDE6F53F0722}.Debug|Any CPU.Build.0 = Debug|Any CPU
		{938D02E5-8649-46D0-BC99-FDE6F53F0722}.Debug|x86.ActiveCfg = Debug|x86
		{938D02E5-8649-46D0-BC99-FDE6F53F0722}.Debug|x86.Build.0 = Debug|x86
		{938D02E5-8649-46D0-BC99-FDE6F53F0722}.Release|Any CPU.ActiveCfg = Release|Any CPU
		{938D02E5-8649-46D0-BC99-FDE6F53F0722}.Release|Any CPU.Build.0 = Release|Any CPU
		{938D02E5-8649-46D0-BC99-FDE6F53F0722}.Release|x86.ActiveCfg = Release|x86
		{938D02E5-8649-46D0-BC99-FDE6F53F0722}.Release|x86.Build.0 = Release|x86
		{938D02E5-8649-46D0-BC99-FDE6F53F0722}.SOMEE|Any CPU.ActiveCfg = Release|Any CPU
		{938D02E5-8649-46D0-BC99-FDE6F53F0722}.SOMEE|Any CPU.Build.0 = Release|Any CPU
		{938D02E5-8649-46D0-BC99-FDE6F53F0722}.SOMEE|x86.ActiveCfg = Debug|x86
		{938D02E5-8649-46D0-BC99-FDE6F53F0722}.SOMEE|x86.Build.0 = Debug|x86
		{A7928109-1887-4C0B-A139-411A5B850A6D}.AZURE|Any CPU.ActiveCfg = Debug|Any CPU
		{A7928109-1887-4C0B-A139-411A5B850A6D}.AZURE|Any CPU.Build.0 = Debug|Any CPU
		{A7928109-1887-4C0B-A139-411A5B850A6D}.AZURE|x86.ActiveCfg = Debug|x86
		{A7928109-1887-4C0B-A139-411A5B850A6D}.AZURE|x86.Build.0 = Debug|x86
		{A7928109-1887-4C0B-A139-411A5B850A6D}.Debug|Any CPU.ActiveCfg = Debug|Any CPU
		{A7928109-1887-4C0B-A139-411A5B850A6D}.Debug|Any CPU.Build.0 = Debug|Any CPU
		{A7928109-1887-4C0B-A139-411A5B850A6D}.Debug|x86.ActiveCfg = Debug|x86
		{A7928109-1887-4C0B-A139-411A5B850A6D}.Debug|x86.Build.0 = Debug|x86
		{A7928109-1887-4C0B-A139-411A5B850A6D}.Release|Any CPU.ActiveCfg = Release|Any CPU
		{A7928109-1887-4C0B-A139-411A5B850A6D}.Release|Any CPU.Build.0 = Release|Any CPU
		{A7928109-1887-4C0B-A139-411A5B850A6D}.Release|x86.ActiveCfg = Release|x86
		{A7928109-1887-4C0B-A139-411A5B850A6D}.Release|x86.Build.0 = Release|x86
		{A7928109-1887-4C0B-A139-411A5B850A6D}.SOMEE|Any CPU.ActiveCfg = Release|Any CPU
		{A7928109-1887-4C0B-A139-411A5B850A6D}.SOMEE|Any CPU.Build.0 = Release|Any CPU
		{A7928109-1887-4C0B-A139-411A5B850A6D}.SOMEE|x86.ActiveCfg = Debug|x86
		{A7928109-1887-4C0B-A139-411A5B850A6D}.SOMEE|x86.Build.0 = Debug|x86
		{53CD4F2B-B4DF-49EA-B3CE-801821B703BF}.AZURE|Any CPU.ActiveCfg = Debug|Any CPU
		{53CD4F2B-B4DF-49EA-B3CE-801821B703BF}.AZURE|Any CPU.Build.0 = Debug|Any CPU
		{53CD4F2B-B4DF-49EA-B3CE-801821B703BF}.AZURE|x86.ActiveCfg = Debug|Any CPU
		{53CD4F2B-B4DF-49EA-B3CE-801821B703BF}.AZURE|x86.Build.0 = Debug|Any CPU
		{53CD4F2B-B4DF-49EA-B3CE-801821B703BF}.Debug|Any CPU.ActiveCfg = Debug|Any CPU
		{53CD4F2B-B4DF-49EA-B3CE-801821B703BF}.Debug|Any CPU.Build.0 = Debug|Any CPU
		{53CD4F2B-B4DF-49EA-B3CE-801821B703BF}.Debug|x86.ActiveCfg = Debug|Any CPU
		{53CD4F2B-B4DF-49EA-B3CE-801821B703BF}.Debug|x86.Build.0 = Debug|Any CPU
		{53CD4F2B-B4DF-49EA-B3CE-801821B703BF}.Release|Any CPU.ActiveCfg = Release|Any CPU
		{53CD4F2B-B4DF-49EA-B3CE-801821B703BF}.Release|Any CPU.Build.0 = Release|Any CPU
		{53CD4F2B-B4DF-49EA-B3CE-801821B703BF}.Release|x86.ActiveCfg = Release|Any CPU
		{53CD4F2B-B4DF-49EA-B3CE-801821B703BF}.Release|x86.Build.0 = Release|Any CPU
		{53CD4F2B-B4DF-49EA-B3CE-801821B703BF}.SOMEE|Any CPU.ActiveCfg = Debug|Any CPU
		{53CD4F2B-B4DF-49EA-B3CE-801821B703BF}.SOMEE|Any CPU.Build.0 = Debug|Any CPU
		{53CD4F2B-B4DF-49EA-B3CE-801821B703BF}.SOMEE|x86.ActiveCfg = Debug|Any CPU
		{53CD4F2B-B4DF-49EA-B3CE-801821B703BF}.SOMEE|x86.Build.0 = Debug|Any CPU
		{B15E23EB-369E-4988-9E65-DA2D93EE744A}.AZURE|Any CPU.ActiveCfg = Debug|Any CPU
		{B15E23EB-369E-4988-9E65-DA2D93EE744A}.AZURE|Any CPU.Build.0 = Debug|Any CPU
		{B15E23EB-369E-4988-9E65-DA2D93EE744A}.AZURE|x86.ActiveCfg = Debug|Any CPU
		{B15E23EB-369E-4988-9E65-DA2D93EE744A}.AZURE|x86.Build.0 = Debug|Any CPU
		{B15E23EB-369E-4988-9E65-DA2D93EE744A}.Debug|Any CPU.ActiveCfg = Debug|Any CPU
		{B15E23EB-369E-4988-9E65-DA2D93EE744A}.Debug|Any CPU.Build.0 = Debug|Any CPU
		{B15E23EB-369E-4988-9E65-DA2D93EE744A}.Debug|x86.ActiveCfg = Debug|Any CPU
		{B15E23EB-369E-4988-9E65-DA2D93EE744A}.Debug|x86.Build.0 = Debug|Any CPU
		{B15E23EB-369E-4988-9E65-DA2D93EE744A}.Release|Any CPU.ActiveCfg = Release|Any CPU
		{B15E23EB-369E-4988-9E65-DA2D93EE744A}.Release|Any CPU.Build.0 = Release|Any CPU
		{B15E23EB-369E-4988-9E65-DA2D93EE744A}.Release|x86.ActiveCfg = Release|Any CPU
		{B15E23EB-369E-4988-9E65-DA2D93EE744A}.Release|x86.Build.0 = Release|Any CPU
		{B15E23EB-369E-4988-9E65-DA2D93EE744A}.SOMEE|Any CPU.ActiveCfg = Debug|Any CPU
		{B15E23EB-369E-4988-9E65-DA2D93EE744A}.SOMEE|Any CPU.Build.0 = Debug|Any CPU
		{B15E23EB-369E-4988-9E65-DA2D93EE744A}.SOMEE|x86.ActiveCfg = Debug|Any CPU
		{B15E23EB-369E-4988-9E65-DA2D93EE744A}.SOMEE|x86.Build.0 = Debug|Any CPU
	EndGlobalSection
	GlobalSection(SolutionProperties) = preSolution
		HideSolutionNode = FALSE
	EndGlobalSection
	GlobalSection(ExtensibilityGlobals) = postSolution
		SolutionGuid = {93C1DD8C-3B9F-4864-B18D-11D7990439B4}
	EndGlobalSection
EndGlobal
